PODS:
  - Alamofire (5.4.3)
  - RxSwift (6.1.0)

DEPENDENCIES:
  - Alamofire (~> 5.2)
  - RxSwift

SPEC REPOS:
  trunk:
    - Alamofire
    - RxSwift

SPEC CHECKSUMS:
  Alamofire: e447a2774a40c996748296fa2c55112fdbbc42f9
  RxSwift: a834e5c538e89eca0cae86f403f4fbf0336786ce

PODFILE CHECKSUM: fb6b2d56ff0ee1f84e1e5277edea0313d584fe2c

COCOAPODS: 1.10.1
